
Microsoft Visual Studio Solution File, Format Version 12.00
# Visual Studio Version 17
VisualStudioVersion = 17.7.34009.444
MinimumVisualStudioVersion = 10.0.40219.1
Project("{9A19103F-16F7-4668-BE54-9A1E7A4F7556}") = "easily.framework.core", "easily.framework.core\easily.framework.core.csproj", "{871B2638-2E69-4E9E-9FE0-005311BC985A}"
EndProject
Project("{2150E333-8FDC-42A3-9474-1A3956D46DE8}") = "test", "test", "{CFD65635-50F6-4350-AC69-E2354C42D5F3}"
EndProject
Project("{2150E333-8FDC-42A3-9474-1A3956D46DE8}") = "src", "src", "{B8B07C50-B186-40D3-AD07-5229D0D2C212}"
EndProject
Project("{9A19103F-16F7-4668-BE54-9A1E7A4F7556}") = "easily.framework.core.test", "..\test\easily.framework.core.test\easily.framework.core.test.csproj", "{A609A351-3B25-4A18-8949-FA0DC4FBC3C4}"
EndProject
Project("{9A19103F-16F7-4668-BE54-9A1E7A4F7556}") = "easily.framework.autofac", "easily.framework.autofac\easily.framework.autofac.csproj", "{D4C6D838-14F0-4C5E-BEC9-FACBA43A5DF4}"
EndProject
Project("{9A19103F-16F7-4668-BE54-9A1E7A4F7556}") = "easily.framework.tools", "easily.framework.tools\easily.framework.tools.csproj", "{0DEEA446-C6EB-478E-A26C-7C2290D8B8D5}"
EndProject
Project("{9A19103F-16F7-4668-BE54-9A1E7A4F7556}") = "easily.framework.webapi", "..\test\easily.framework.webapi\easily.framework.webapi.csproj", "{5C8407E5-E5D9-40A1-95CE-767CC0F443CC}"
EndProject
Project("{FAE04EC0-301F-11D3-BF4B-00C04F79EFBC}") = "easily.framework.authorizations", "easily.framework.authorizations\easily.framework.authorizations.csproj", "{14C8F926-A5C6-4F9A-B1E0-76E30783048E}"
EndProject
Global
	GlobalSection(SolutionConfigurationPlatforms) = preSolution
		Debug|Any CPU = Debug|Any CPU
		Release|Any CPU = Release|Any CPU
	EndGlobalSection
	GlobalSection(ProjectConfigurationPlatforms) = postSolution
		{871B2638-2E69-4E9E-9FE0-005311BC985A}.Debug|Any CPU.ActiveCfg = Debug|Any CPU
		{871B2638-2E69-4E9E-9FE0-005311BC985A}.Debug|Any CPU.Build.0 = Debug|Any CPU
		{871B2638-2E69-4E9E-9FE0-005311BC985A}.Release|Any CPU.ActiveCfg = Release|Any CPU
		{871B2638-2E69-4E9E-9FE0-005311BC985A}.Release|Any CPU.Build.0 = Release|Any CPU
		{A609A351-3B25-4A18-8949-FA0DC4FBC3C4}.Debug|Any CPU.ActiveCfg = Debug|Any CPU
		{A609A351-3B25-4A18-8949-FA0DC4FBC3C4}.Debug|Any CPU.Build.0 = Debug|Any CPU
		{A609A351-3B25-4A18-8949-FA0DC4FBC3C4}.Release|Any CPU.ActiveCfg = Release|Any CPU
		{A609A351-3B25-4A18-8949-FA0DC4FBC3C4}.Release|Any CPU.Build.0 = Release|Any CPU
		{D4C6D838-14F0-4C5E-BEC9-FACBA43A5DF4}.Debug|Any CPU.ActiveCfg = Debug|Any CPU
		{D4C6D838-14F0-4C5E-BEC9-FACBA43A5DF4}.Debug|Any CPU.Build.0 = Debug|Any CPU
		{D4C6D838-14F0-4C5E-BEC9-FACBA43A5DF4}.Release|Any CPU.ActiveCfg = Release|Any CPU
		{D4C6D838-14F0-4C5E-BEC9-FACBA43A5DF4}.Release|Any CPU.Build.0 = Release|Any CPU
		{0DEEA446-C6EB-478E-A26C-7C2290D8B8D5}.Debug|Any CPU.ActiveCfg = Debug|Any CPU
		{0DEEA446-C6EB-478E-A26C-7C2290D8B8D5}.Debug|Any CPU.Build.0 = Debug|Any CPU
		{0DEEA446-C6EB-478E-A26C-7C2290D8B8D5}.Release|Any CPU.ActiveCfg = Release|Any CPU
		{0DEEA446-C6EB-478E-A26C-7C2290D8B8D5}.Release|Any CPU.Build.0 = Release|Any CPU
		{5C8407E5-E5D9-40A1-95CE-767CC0F443CC}.Debug|Any CPU.ActiveCfg = Debug|Any CPU
		{5C8407E5-E5D9-40A1-95CE-767CC0F443CC}.Debug|Any CPU.Build.0 = Debug|Any CPU
		{5C8407E5-E5D9-40A1-95CE-767CC0F443CC}.Release|Any CPU.ActiveCfg = Release|Any CPU
		{5C8407E5-E5D9-40A1-95CE-767CC0F443CC}.Release|Any CPU.Build.0 = Release|Any CPU
		{14C8F926-A5C6-4F9A-B1E0-76E30783048E}.Debug|Any CPU.ActiveCfg = Debug|Any CPU
		{14C8F926-A5C6-4F9A-B1E0-76E30783048E}.Debug|Any CPU.Build.0 = Debug|Any CPU
		{14C8F926-A5C6-4F9A-B1E0-76E30783048E}.Release|Any CPU.ActiveCfg = Release|Any CPU
		{14C8F926-A5C6-4F9A-B1E0-76E30783048E}.Release|Any CPU.Build.0 = Release|Any CPU
	EndGlobalSection
	GlobalSection(SolutionProperties) = preSolution
		HideSolutionNode = FALSE
	EndGlobalSection
	GlobalSection(NestedProjects) = preSolution
		{871B2638-2E69-4E9E-9FE0-005311BC985A} = {B8B07C50-B186-40D3-AD07-5229D0D2C212}
		{A609A351-3B25-4A18-8949-FA0DC4FBC3C4} = {CFD65635-50F6-4350-AC69-E2354C42D5F3}
		{D4C6D838-14F0-4C5E-BEC9-FACBA43A5DF4} = {B8B07C50-B186-40D3-AD07-5229D0D2C212}
		{0DEEA446-C6EB-478E-A26C-7C2290D8B8D5} = {B8B07C50-B186-40D3-AD07-5229D0D2C212}
		{5C8407E5-E5D9-40A1-95CE-767CC0F443CC} = {CFD65635-50F6-4350-AC69-E2354C42D5F3}
		{14C8F926-A5C6-4F9A-B1E0-76E30783048E} = {B8B07C50-B186-40D3-AD07-5229D0D2C212}
	EndGlobalSection
	GlobalSection(ExtensibilityGlobals) = postSolution
		SolutionGuid = {FA02CE7B-F746-4097-AACF-501039C0933B}
	EndGlobalSection
EndGlobal
